
Microsoft Visual Studio Solution File, Format Version 12.00
# Visual Studio Version 17
VisualStudioVersion = 17.1.32421.90
MinimumVisualStudioVersion = 10.0.40219.1
Project("{9A19103F-16F7-4668-BE54-9A1E7A4F7556}") = "ValueTypeObsession", "ValueTypeObsession\ValueTypeObsession.csproj", "{BCF4C971-C57F-49DB-B7E1-9B8EBF23CA17}"
EndProject
Project("{9A19103F-16F7-4668-BE54-9A1E7A4F7556}") = "ValueTypeObsessionTests", "ValueTypeObsessionTests\ValueTypeObsessionTests.csproj", "{76534461-19FB-4695-94C3-ADBEAB564A99}"
EndProject
Project("{2150E333-8FDC-42A3-9474-1A3956D46DE8}") = "AuxiliaryItems", "AuxiliaryItems", "{2F226387-8238-4F66-A34F-FAE0BEB99B69}"
	ProjectSection(SolutionItems) = preProject
		.gitignore = .gitignore
		README.md = README.md
	EndProjectSection
EndProject
Global
	GlobalSection(SolutionConfigurationPlatforms) = preSolution
		Debug|Any CPU = Debug|Any CPU
		Release|Any CPU = Release|Any CPU
	EndGlobalSection
	GlobalSection(ProjectConfigurationPlatforms) = postSolution
		{BCF4C971-C57F-49DB-B7E1-9B8EBF23CA17}.Debug|Any CPU.ActiveCfg = Debug|Any CPU
		{BCF4C971-C57F-49DB-B7E1-9B8EBF23CA17}.Debug|Any CPU.Build.0 = Debug|Any CPU
		{BCF4C971-C57F-49DB-B7E1-9B8EBF23CA17}.Release|Any CPU.ActiveCfg = Release|Any CPU
		{BCF4C971-C57F-49DB-B7E1-9B8EBF23CA17}.Release|Any CPU.Build.0 = Release|Any CPU
		{76534461-19FB-4695-94C3-ADBEAB564A99}.Debug|Any CPU.ActiveCfg = Debug|Any CPU
		{76534461-19FB-4695-94C3-ADBEAB564A99}.Debug|Any CPU.Build.0 = Debug|Any CPU
		{76534461-19FB-4695-94C3-ADBEAB564A99}.Release|Any CPU.ActiveCfg = Release|Any CPU
		{76534461-19FB-4695-94C3-ADBEAB564A99}.Release|Any CPU.Build.0 = Release|Any CPU
	EndGlobalSection
	GlobalSection(SolutionProperties) = preSolution
		HideSolutionNode = FALSE
	EndGlobalSection
	GlobalSection(ExtensibilityGlobals) = postSolution
		SolutionGuid = {BD8380B3-1F22-4AE7-AE3B-3188A1648C2F}
	EndGlobalSection
EndGlobal
